Microsoft Visual Studio Solution File, Format Version 12.00
# Visual Studio Version 17
VisualStudioVersion = 17.0.31903.59
MinimumVisualStudioVersion = 10.0.40219.1
Project("{8BC9CEB8-8B4A-11D0-8D11-00A0C91BC942}") = "EasyMap", "EasyMap.vcxproj", "{A8F7F3B6-1234-4321-B123-D3D5A5A5A5A5}"
EndProject
Global
	GlobalSection(SolutionConfigurationPlatforms) = preSolution
		Debug|x64 = Debug|x64
		Release|x64 = Release|x64
	EndGlobalSection
	GlobalSection(ProjectConfigurationPlatforms) = postSolution
		{A8F7F3B6-1234-4321-B123-D3D5A5A5A5A5}.Debug|x64.ActiveCfg = Debug|x64
		{A8F7F3B6-1234-4321-B123-D3D5A5A5A5A5}.Debug|x64.Build.0 = Debug|x64
		{A8F7F3B6-1234-4321-B123-D3D5A5A5A5A5}.Release|x64.ActiveCfg = Release|x64
		{A8F7F3B6-1234-4321-B123-D3D5A5A5A5A5}.Release|x64.Build.0 = Release|x64
	EndGlobalSection
EndGlobal
